
Microsoft Visual Studio Solution File, Format Version 12.00
# Visual Studio Version 17
VisualStudioVersion = 17.9.34728.123
MinimumVisualStudioVersion = 10.0.40219.1
Project("{FAE04EC0-301F-11D3-BF4B-00C04F79EFBC}") = "Authility", "Authility\Authility.csproj", "{853A44A0-91D4-487C-978B-0BEE6D777CDB}"
EndProject
Global
	GlobalSection(SolutionConfigurationPlatforms) = preSolution
		Debug|Any CPU = Debug|Any CPU
		Release|Any CPU = Release|Any CPU
	EndGlobalSection
	GlobalSection(ProjectConfigurationPlatforms) = postSolution
		{853A44A0-91D4-487C-978B-0BEE6D777CDB}.Debug|Any CPU.ActiveCfg = Debug|Any CPU
		{853A44A0-91D4-487C-978B-0BEE6D777CDB}.Debug|Any CPU.Build.0 = Debug|Any CPU
		{853A44A0-91D4-487C-978B-0BEE6D777CDB}.Release|Any CPU.ActiveCfg = Release|Any CPU
		{853A44A0-91D4-487C-978B-0BEE6D777CDB}.Release|Any CPU.Build.0 = Release|Any CPU
	EndGlobalSection
	GlobalSection(SolutionProperties) = preSolution
		HideSolutionNode = FALSE
	EndGlobalSection
	GlobalSection(ExtensibilityGlobals) = postSolution
		SolutionGuid = {BF8DA876-D56A-4B87-A1E2-5DEBAB70DD60}
	EndGlobalSection
EndGlobal
